
Microsoft Visual Studio Solution File, Format Version 12.00
# Visual Studio 14
VisualStudioVersion = 14.0.24720.0
MinimumVisualStudioVersion = 10.0.40219.1
Project("{E24C65DC-7377-472B-9ABA-BC803B73C61A}") = "InvidositeHtmlgit", ".", "{0F326357-82D5-4C5A-BEEB-97DFFF89D206}"
	ProjectSection(WebsiteProperties) = preProject
		TargetFrameworkMoniker = ".NETFramework,Version%3Dv4.0"
		Debug.AspNetCompiler.VirtualPath = "/localhost_49290"
		Debug.AspNetCompiler.PhysicalPath = "..\InvidositeHtmlgit\"
		Debug.AspNetCompiler.TargetPath = "PrecompiledWeb\localhost_49290\"
		Debug.AspNetCompiler.Updateable = "false"
		Debug.AspNetCompiler.ForceOverwrite = "true"
		Debug.AspNetCompiler.FixedNames = "false"
		Debug.AspNetCompiler.Debug = "True"
		Release.AspNetCompiler.VirtualPath = "/localhost_49290"
		Release.AspNetCompiler.PhysicalPath = "..\InvidositeHtmlgit\"
		Release.AspNetCompiler.TargetPath = "PrecompiledWeb\localhost_49290\"
		Release.AspNetCompiler.Updateable = "false"
		Release.AspNetCompiler.ForceOverwrite = "true"
		Release.AspNetCompiler.FixedNames = "false"
		Release.AspNetCompiler.Debug = "False"
		VWDPort = "49290"
		SlnRelativePath = "..\InvidositeHtmlgit\"
	EndProjectSection
EndProject
Global
	GlobalSection(SolutionConfigurationPlatforms) = preSolution
		Debug|Any CPU = Debug|Any CPU
	EndGlobalSection
	GlobalSection(ProjectConfigurationPlatforms) = postSolution
		{0F326357-82D5-4C5A-BEEB-97DFFF89D206}.Debug|Any CPU.ActiveCfg = Debug|Any CPU
		{0F326357-82D5-4C5A-BEEB-97DFFF89D206}.Debug|Any CPU.Build.0 = Debug|Any CPU
	EndGlobalSection
	GlobalSection(SolutionProperties) = preSolution
		HideSolutionNode = FALSE
	EndGlobalSection
EndGlobal
